
Microsoft Visual Studio Solution File, Format Version 12.00
# Visual Studio Version 16
VisualStudioVersion = 16.0.30907.101
MinimumVisualStudioVersion = 10.0.40219.1
Project("{FAE04EC0-301F-11D3-BF4B-00C04F79EFBC}") = "BC_IS413_Assignment4", "BC_IS413_Assignment4.csproj", "{AAC3301A-EAAD-44D6-BD6F-39F7E4BAF90E}"
EndProject
Global
	GlobalSection(SolutionConfigurationPlatforms) = preSolution
		Debug|Any CPU = Debug|Any CPU
		Release|Any CPU = Release|Any CPU
	EndGlobalSection
	GlobalSection(ProjectConfigurationPlatforms) = postSolution
		{AAC3301A-EAAD-44D6-BD6F-39F7E4BAF90E}.Debug|Any CPU.ActiveCfg = Debug|Any CPU
		{AAC3301A-EAAD-44D6-BD6F-39F7E4BAF90E}.Debug|Any CPU.Build.0 = Debug|Any CPU
		{AAC3301A-EAAD-44D6-BD6F-39F7E4BAF90E}.Release|Any CPU.ActiveCfg = Release|Any CPU
		{AAC3301A-EAAD-44D6-BD6F-39F7E4BAF90E}.Release|Any CPU.Build.0 = Release|Any CPU
	EndGlobalSection
	GlobalSection(SolutionProperties) = preSolution
		HideSolutionNode = FALSE
	EndGlobalSection
	GlobalSection(ExtensibilityGlobals) = postSolution
		SolutionGuid = {408FA655-B378-4FCB-90D2-F59441362D5D}
	EndGlobalSection
EndGlobal
